
Microsoft Visual Studio Solution File, Format Version 12.00
# Visual Studio Version 17
VisualStudioVersion = 17.0.31903.59
MinimumVisualStudioVersion = 10.0.40219.1
Project("{2150E333-8FDC-42A3-9474-1A3956D46DE8}") = "src", "src", "{2E9CFAAD-46E2-4DFC-ACA9-7C4E5C7B2215}"
EndProject
Project("{FAE04EC0-301F-11D3-BF4B-00C04F79EFBC}") = "ComunidadeSantaLuzia.Domain", "src\ComunidadeSantaLuzia.Domain\ComunidadeSantaLuzia.Domain.csproj", "{8A09A95F-20DA-4614-B67B-237335913AA2}"
EndProject
Global
	GlobalSection(SolutionConfigurationPlatforms) = preSolution
		Debug|Any CPU = Debug|Any CPU
		Release|Any CPU = Release|Any CPU
	EndGlobalSection
	GlobalSection(SolutionProperties) = preSolution
		HideSolutionNode = FALSE
	EndGlobalSection
	GlobalSection(ProjectConfigurationPlatforms) = postSolution
		{8A09A95F-20DA-4614-B67B-237335913AA2}.Debug|Any CPU.ActiveCfg = Debug|Any CPU
		{8A09A95F-20DA-4614-B67B-237335913AA2}.Debug|Any CPU.Build.0 = Debug|Any CPU
		{8A09A95F-20DA-4614-B67B-237335913AA2}.Release|Any CPU.ActiveCfg = Release|Any CPU
		{8A09A95F-20DA-4614-B67B-237335913AA2}.Release|Any CPU.Build.0 = Release|Any CPU
	EndGlobalSection
	GlobalSection(NestedProjects) = preSolution
		{8A09A95F-20DA-4614-B67B-237335913AA2} = {2E9CFAAD-46E2-4DFC-ACA9-7C4E5C7B2215}
	EndGlobalSection
EndGlobal
